// !$*UTF8*$!
{
	archiveVersion = 1;
	classes = {
	};
	objectVersion = 50;
	objects = {

/* Begin PBXBuildFile section */
		AE1A8F6A24FE5834000EC63B /* AppDelegate.swift in Sources */ = {isa = PBXBuildFile; fileRef = AE1A8F6924FE5834000EC63B /* AppDelegate.swift */; };
		AE1A8F6C24FE5834000EC63B /* SceneDelegate.swift in Sources */ = {isa = PBXBuildFile; fileRef = AE1A8F6B24FE5834000EC63B /* SceneDelegate.swift */; };
		AE1A8F6E24FE5834000EC63B /* ContentView.swift in Sources */ = {isa = PBXBuildFile; fileRef = AE1A8F6D24FE5834000EC63B /* ContentView.swift */; };
		AE1A8F7024FE5837000EC63B /* Assets.xcassets in Resources */ = {isa = PBXBuildFile; fileRef = AE1A8F6F24FE5837000EC63B /* Assets.xcassets */; };
		AE1A8F7324FE5837000EC63B /* Preview Assets.xcassets in Resources */ = {isa = PBXBuildFile; fileRef = AE1A8F7224FE5837000EC63B /* Preview Assets.xcassets */; };
		AE1A8F7624FE5837000EC63B /* LaunchScreen.storyboard in Resources */ = {isa = PBXBuildFile; fileRef = AE1A8F7424FE5837000EC63B /* LaunchScreen.storyboard */; };
/* End PBXBuildFile section */

/* Begin PBXFileReference section */
		AE1A8F6624FE5834000EC63B /* GuildedRoseTechTest-Swift.app */ = {isa = PBXFileReference; explicitFileType = wrapper.application; includeInIndex = 0; path = "GuildedRoseTechTest-Swift.app"; sourceTree = BUILT_PRODUCTS_DIR; };
		AE1A8F6924FE5834000EC63B /* AppDelegate.swift */ = {isa = PBXFileReference; lastKnownFileType = sourcecode.swift; path = AppDelegate.swift; sourceTree = "<group>"; };
		AE1A8F6B24FE5834000EC63B /* SceneDelegate.swift */ = {isa = PBXFileReference; lastKnownFileType = sourcecode.swift; path = SceneDelegate.swift; sourceTree = "<group>"; };
		AE1A8F6D24FE5834000EC63B /* ContentView.swift */ = {isa = PBXFileReference; lastKnownFileType = sourcecode.swift; path = ContentView.swift; sourceTree = "<group>"; };
		AE1A8F6F24FE5837000EC63B /* Assets.xcassets */ = {isa = PBXFileReference; lastKnownFileType = folder.assetcatalog; path = Assets.xcassets; sourceTree = "<group>"; };
		AE1A8F7224FE5837000EC63B /* Preview Assets.xcassets */ = {isa = PBXFileReference; lastKnownFileType = folder.assetcatalog; path = "Preview Assets.xcassets"; sourceTree = "<group>"; };
		AE1A8F7524FE5837000EC63B /* Base */ = {isa = PBXFileReference; lastKnownFileType = file.storyboard; name = Base; path = Base.lproj/LaunchScreen.storyboard; sourceTree = "<group>"; };
		AE1A8F7724FE5837000EC63B /* Info.plist */ = {isa = PBXFileReference; lastKnownFileType = text.plist.xml; path = Info.plist; sourceTree = "<group>"; };
/* End PBXFileReference section */

/* Begin PBXFrameworksBuildPhase section */
		AE1A8F6324FE5834000EC63B /* Frameworks */ = {
			isa = PBXFrameworksBuildPhase;
			buildActionMask = 2147483647;
			files = (
			);
			runOnlyForDeploymentPostprocessing = 0;
		};
/* End PBXFrameworksBuildPhase section */

/* Begin PBXGroup section */
		AE1A8F5D24FE5834000EC63B = {
			isa = PBXGroup;
			children = (
				AE1A8F6824FE5834000EC63B /* GuildedRoseTechTest-Swift */,
				AE1A8F6724FE5834000EC63B /* Products */,
			);
			sourceTree = "<group>";
		};
		AE1A8F6724FE5834000EC63B /* Products */ = {
			isa = PBXGroup;
			children = (
				AE1A8F6624FE5834000EC63B /* GuildedRoseTechTest-Swift.app */,
			);
			name = Products;
			sourceTree = "<group>";
		};
		AE1A8F6824FE5834000EC63B /* GuildedRoseTechTest-Swift */ = {
			isa = PBXGroup;
			children = (
				AE1A8F6924FE5834000EC63B /* AppDelegate.swift */,
				AE1A8F6B24FE5834000EC63B /* SceneDelegate.swift */,
				AE1A8F6D24FE5834000EC63B /* ContentView.swift */,
				AE1A8F6F24FE5837000EC63B /* Assets.xcassets */,
				AE1A8F7424FE5837000EC63B /* LaunchScreen.storyboard */,
				AE1A8F7724FE5837000EC63B /* Info.plist */,
				AE1A8F7124FE5837000EC63B /* Preview Content */,
			);
			path = "GuildedRoseTechTest-Swift";
			sourceTree = "<group>";
		};
		AE1A8F7124FE5837000EC63B /* Preview Content */ = {
			isa = PBXGroup;
			children = (
				AE1A8F7224FE5837000EC63B /* Preview Assets.xcassets */,
			);
			path = "Preview Content";
			sourceTree = "<group>";
		};
/* End PBXGroup section */

/* Begin PBXNativeTarget section */
		AE1A8F6524FE5834000EC63B /* GuildedRoseTechTest-Swift */ = {
			isa = PBXNativeTarget;
			buildConfigurationList = AE1A8F7A24FE5837000EC63B /* Build configuration list for PBXNativeTarget "GuildedRoseTechTest-Swift" */;
			buildPhases = (
				AE1A8F6224FE5834000EC63B /* Sources */,
				AE1A8F6324FE5834000EC63B /* Frameworks */,
				AE1A8F6424FE5834000EC63B /* Resources */,
			);
			buildRules = (
			);
			dependencies = (
			);
			name = "GuildedRoseTechTest-Swift";
			productName = "GuildedRoseTechTest-Swift";
			productReference = AE1A8F6624FE5834000EC63B /* GuildedRoseTechTest-Swift.app */;
			productType = "com.apple.product-type.application";
		};
/* End PBXNativeTarget section */

/* Begin PBXProject section */
		AE1A8F5E24FE5834000EC63B /* Project object */ = {
			isa = PBXProject;
			attributes = {
				LastSwiftUpdateCheck = 1160;
				LastUpgradeCheck = 1160;
				ORGANIZATIONNAME = "Chris Eadie Designs";
				TargetAttributes = {
					AE1A8F6524FE5834000EC63B = {
						CreatedOnToolsVersion = 11.6;
					};
				};
			};
			buildConfigurationList = AE1A8F6124FE5834000EC63B /* Build configuration list for PBXProject "GuildedRoseTechTest-Swift" */;
			compatibilityVersion = "Xcode 9.3";
			developmentRegion = en;
			hasScannedForEncodings = 0;
			knownRegions = (
				en,
				Base,
			);
			mainGroup = AE1A8F5D24FE5834000EC63B;
			productRefGroup = AE1A8F6724FE5834000EC63B /* Products */;
			projectDirPath = "";
			projectRoot = "";
			targets = (
				AE1A8F6524FE5834000EC63B /* GuildedRoseTechTest-Swift */,
			);
		};
/* End PBXProject section */

/* Begin PBXResourcesBuildPhase section */
		AE1A8F6424FE5834000EC63B /* Resources */ = {
			isa = PBXResourcesBuildPhase;
			buildActionMask = 2147483647;
			files = (
				AE1A8F7624FE5837000EC63B /* LaunchScreen.storyboard in Resources */,
				AE1A8F7324FE5837000EC63B /* Preview Assets.xcassets in Resources */,
				AE1A8F7024FE5837000EC63B /* Assets.xcassets in Resources */,
			);
			runOnlyForDeploymentPostprocessing = 0;
		};
/* End PBXResourcesBuildPhase section */

/* Begin PBXSourcesBuildPhase section */
		AE1A8F6224FE5834000EC63B /* Sources */ = {
			isa = PBXSourcesBuildPhase;
			buildActionMask = 2147483647;
			files = (
				AE1A8F6A24FE5834000EC63B /* AppDelegate.swift in Sources */,
				AE1A8F6C24FE5834000EC63B /* SceneDelegate.swift in Sources */,
				AE1A8F6E24FE5834000EC63B /* ContentView.swift in Sources */,
			);
			runOnlyForDeploymentPostprocessing = 0;
		};
/* End PBXSourcesBuildPhase section */

/* Begin PBXVariantGroup section */
		AE1A8F7424FE5837000EC63B /* LaunchScreen.storyboard */ = {
			isa = PBXVariantGroup;
			children = (
				AE1A8F7524FE5837000EC63B /* Base */,
			);
			name = LaunchScreen.storyboard;
			sourceTree = "<group>";
		};
/* End PBXVariantGroup section */

/* Begin XCBuildConfiguration section */
		AE1A8F7824FE5837000EC63B /* Debug */ = {
			isa = XCBuildConfiguration;
			buildSettings = {
				ALWAYS_SEARCH_USER_PATHS = NO;
				CLANG_ANALYZER_NONNULL = YES;
				CLANG_ANALYZER_NUMBER_OBJECT_CONVERSION = YES_AGGRESSIVE;
				CLANG_CXX_LANGUAGE_STANDARD = "gnu++14";
				CLANG_CXX_LIBRARY = "libc++";
				CLANG_ENABLE_MODULES = YES;
				CLANG_ENABLE_OBJC_ARC = YES;
				CLANG_ENABLE_OBJC_WEAK = YES;
				CLANG_WARN_BLOCK_CAPTURE_AUTORELEASING = YES;
				CLANG_WARN_BOOL_CONVERSION = YES;
				CLANG_WARN_COMMA = YES;
				CLANG_WARN_CONSTANT_CONVERSION = YES;
				CLANG_WARN_DEPRECATED_OBJC_IMPLEMENTATIONS = YES;
				CLANG_WARN_DIRECT_OBJC_ISA_USAGE = YES_ERROR;
				CLANG_WARN_DOCUMENTATION_COMMENTS = YES;
				CLANG_WARN_EMPTY_BODY = YES;
				CLANG_WARN_ENUM_CONVERSION = YES;
				CLANG_WARN_INFINITE_RECURSION = YES;
				CLANG_WARN_INT_CONVERSION = YES;
				CLANG_WARN_NON_LITERAL_NULL_CONVERSION = YES;
				CLANG_WARN_OBJC_IMPLICIT_RETAIN_SELF = YES;
				CLANG_WARN_OBJC_LITERAL_CONVERSION = YES;
				CLANG_WARN_OBJC_ROOT_CLASS = YES_ERROR;
				CLANG_WARN_RANGE_LOOP_ANALYSIS = YES;
				CLANG_WARN_STRICT_PROTOTYPES = YES;
				CLANG_WARN_SUSPICIOUS_MOVE = YES;
				CLANG_WARN_UNGUARDED_AVAILABILITY = YES_AGGRESSIVE;
				CLANG_WARN_UNREACHABLE_CODE = YES;
				CLANG_WARN__DUPLICATE_METHOD_MATCH = YES;
				COPY_PHASE_STRIP = NO;
				DEBUG_INFORMATION_FORMAT = dwarf;
				ENABLE_STRICT_OBJC_MSGSEND = YES;
				ENABLE_TESTABILITY = YES;
				GCC_C_LANGUAGE_STANDARD = gnu11;
				GCC_DYNAMIC_NO_PIC = NO;
				GCC_NO_COMMON_BLOCKS = YES;
				GCC_OPTIMIZATION_LEVEL = 0;
				GCC_PREPROCESSOR_DEFINITIONS = (
					"DEBUG=1",
					"$(inherited)",
				);
				GCC_WARN_64_TO_32_BIT_CONVERSION = YES;
				GCC_WARN_ABOUT_RETURN_TYPE = YES_ERROR;
				GCC_WARN_UNDECLARED_SELECTOR = YES;
				GCC_WARN_UNINITIALIZED_AUTOS = YES_AGGRESSIVE;
				GCC_WARN_UNUSED_FUNCTION = YES;
				GCC_WARN_UNUSED_VARIABLE = YES;
				IPHONEOS_DEPLOYMENT_TARGET = 13.6;
				MTL_ENABLE_DEBUG_INFO = INCLUDE_SOURCE;
				MTL_FAST_MATH = YES;
				ONLY_ACTIVE_ARCH = YES;
				SDKROOT = iphoneos;
				SWIFT_ACTIVE_COMPILATION_CONDITIONS = DEBUG;
				SWIFT_OPTIMIZATION_LEVEL = "-Onone";
			};
			name = Debug;
		};
		AE1A8F7924FE5837000EC63B /* Release */ = {
			isa = XCBuildConfiguration;
			buildSettings = {
				ALWAYS_SEARCH_USER_PATHS = NO;
				CLANG_ANALYZER_NONNULL = YES;
				CLANG_ANALYZER_NUMBER_OBJECT_CONVERSION = YES_AGGRESSIVE;
				CLANG_CXX_LANGUAGE_STANDARD = "gnu++14";
				CLANG_CXX_LIBRARY = "libc++";
				CLANG_ENABLE_MODULES = YES;
				CLANG_ENABLE_OBJC_ARC = YES;
				CLANG_ENABLE_OBJC_WEAK = YES;
				CLANG_WARN_BLOCK_CAPTURE_AUTORELEASING = YES;
				CLANG_WARN_BOOL_CONVERSION = YES;
				CLANG_WARN_COMMA = YES;
				CLANG_WARN_CONSTANT_CONVERSION = YES;
				CLANG_WARN_DEPRECATED_OBJC_IMPLEMENTATIONS = YES;
				CLANG_WARN_DIRECT_OBJC_ISA_USAGE = YES_ERROR;
				CLANG_WARN_DOCUMENTATION_COMMENTS = YES;
				CLANG_WARN_EMPTY_BODY = YES;
				CLANG_WARN_ENUM_CONVERSION = YES;
				CLANG_WARN_INFINITE_RECURSION = YES;
				CLANG_WARN_INT_CONVERSION = YES;
				CLANG_WARN_NON_LITERAL_NULL_CONVERSION = YES;
				CLANG_WARN_OBJC_IMPLICIT_RETAIN_SELF = YES;
				CLANG_WARN_OBJC_LITERAL_CONVERSION = YES;
				CLANG_WARN_OBJC_ROOT_CLASS = YES_ERROR;
				CLANG_WARN_RANGE_LOOP_ANALYSIS = YES;
				CLANG_WARN_STRICT_PROTOTYPES = YES;
				CLANG_WARN_SUSPICIOUS_MOVE = YES;
				CLANG_WARN_UNGUARDED_AVAILABILITY = YES_AGGRESSIVE;
				CLANG_WARN_UNREACHABLE_CODE = YES;
				CLANG_WARN__DUPLICATE_METHOD_MATCH = YES;
				COPY_PHASE_STRIP = NO;
				DEBUG_INFORMATION_FORMAT = "dwarf-with-dsym";
				ENABLE_NS_ASSERTIONS = NO;
				ENABLE_STRICT_OBJC_MSGSEND = YES;
				GCC_C_LANGUAGE_STANDARD = gnu11;
				GCC_NO_COMMON_BLOCKS = YES;
				GCC_WARN_64_TO_32_BIT_CONVERSION = YES;
				GCC_WARN_ABOUT_RETURN_TYPE = YES_ERROR;
				GCC_WARN_UNDECLARED_SELECTOR = YES;
				GCC_WARN_UNINITIALIZED_AUTOS = YES_AGGRESSIVE;
				GCC_WARN_UNUSED_FUNCTION = YES;
				GCC_WARN_UNUSED_VARIABLE = YES;
				IPHONEOS_DEPLOYMENT_TARGET = 13.6;
				MTL_ENABLE_DEBUG_INFO = NO;
				MTL_FAST_MATH = YES;
				SDKROOT = iphoneos;
				SWIFT_COMPILATION_MODE = wholemodule;
				SWIFT_OPTIMIZATION_LEVEL = "-O";
				VALIDATE_PRODUCT = YES;
			};
			name = Release;
		};
		AE1A8F7B24FE5837000EC63B /* Debug */ = {
			isa = XCBuildConfiguration;
			buildSettings = {
				ASSETCATALOG_COMPILER_APPICON_NAME = AppIcon;
				CODE_SIGN_STYLE = Automatic;
				DEVELOPMENT_ASSET_PATHS = "\"GuildedRoseTechTest-Swift/Preview Content\"";
				DEVELOPMENT_TEAM = Y3F5JHY7V5;
				ENABLE_PREVIEWS = YES;
				INFOPLIST_FILE = "GuildedRoseTechTest-Swift/Info.plist";
				LD_RUNPATH_SEARCH_PATHS = (
					"$(inherited)",
					"@executable_path/Frameworks",
				);
				PRODUCT_BUNDLE_IDENTIFIER = "CEDesigns.GuildedRoseTechTest-Swift";
				PRODUCT_NAME = "$(TARGET_NAME)";
				SWIFT_VERSION = 5.0;
				TARGETED_DEVICE_FAMILY = "1,2";
			};
			name = Debug;
		};
		AE1A8F7C24FE5837000EC63B /* Release */ = {
			isa = XCBuildConfiguration;
			buildSettings = {
				ASSETCATALOG_COMPILER_APPICON_NAME = AppIcon;
				CODE_SIGN_STYLE = Automatic;
				DEVELOPMENT_ASSET_PATHS = "\"GuildedRoseTechTest-Swift/Preview Content\"";
				DEVELOPMENT_TEAM = Y3F5JHY7V5;
				ENABLE_PREVIEWS = YES;
				INFOPLIST_FILE = "GuildedRoseTechTest-Swift/Info.plist";
				LD_RUNPATH_SEARCH_PATHS = (
					"$(inherited)",
					"@executable_path/Frameworks",
				);
				PRODUCT_BUNDLE_IDENTIFIER = "CEDesigns.GuildedRoseTechTest-Swift";
				PRODUCT_NAME = "$(TARGET_NAME)";
				SWIFT_VERSION = 5.0;
				TARGETED_DEVICE_FAMILY = "1,2";
			};
			name = Release;
		};
/* End XCBuildConfiguration section */

/* Begin XCConfigurationList section */
		AE1A8F6124FE5834000EC63B /* Build configuration list for PBXProject "GuildedRoseTechTest-Swift" */ = {
			isa = XCConfigurationList;
			buildConfigurations = (
				AE1A8F7824FE5837000EC63B /* Debug */,
				AE1A8F7924FE5837000EC63B /* Release */,
			);
			defaultConfigurationIsVisible = 0;
			defaultConfigurationName = Release;
		};
		AE1A8F7A24FE5837000EC63B /* Build configuration list for PBXNativeTarget "GuildedRoseTechTest-Swift" */ = {
			isa = XCConfigurationList;
			buildConfigurations = (
				AE1A8F7B24FE5837000EC63B /* Debug */,
				AE1A8F7C24FE5837000EC63B /* Release */,
			);
			defaultConfigurationIsVisible = 0;
			defaultConfigurationName = Release;
		};
/* End XCConfigurationList section */
	};
	rootObject = AE1A8F5E24FE5834000EC63B /* Project object */;
}
